
Microsoft Visual Studio Solution File, Format Version 12.00
# Visual Studio Version 17
VisualStudioVersion = 17.3.32804.467
MinimumVisualStudioVersion = 10.0.40219.1
Project("{FAE04EC0-301F-11D3-BF4B-00C04F79EFBC}") = "webformsproject", "webformsproject\webformsproject.csproj", "{3725129E-DEB5-4847-B729-C8A51452A8F3}"
	ProjectSection(ProjectDependencies) = postProject
		{2AD04AF5-4E67-4D4F-B25E-E71826294567} = {2AD04AF5-4E67-4D4F-B25E-E71826294567}
	EndProjectSection
EndProject
Project("{FAE04EC0-301F-11D3-BF4B-00C04F79EFBC}") = "Library", "Library\Library.csproj", "{2AD04AF5-4E67-4D4F-B25E-E71826294567}"
EndProject
Global
	GlobalSection(SolutionConfigurationPlatforms) = preSolution
		Debug|Any CPU = Debug|Any CPU
		Release|Any CPU = Release|Any CPU
	EndGlobalSection
	GlobalSection(ProjectConfigurationPlatforms) = postSolution
		{3725129E-DEB5-4847-B729-C8A51452A8F3}.Debug|Any CPU.ActiveCfg = Debug|Any CPU
		{3725129E-DEB5-4847-B729-C8A51452A8F3}.Debug|Any CPU.Build.0 = Debug|Any CPU
		{3725129E-DEB5-4847-B729-C8A51452A8F3}.Release|Any CPU.ActiveCfg = Release|Any CPU
		{3725129E-DEB5-4847-B729-C8A51452A8F3}.Release|Any CPU.Build.0 = Release|Any CPU
		{2AD04AF5-4E67-4D4F-B25E-E71826294567}.Debug|Any CPU.ActiveCfg = Debug|Any CPU
		{2AD04AF5-4E67-4D4F-B25E-E71826294567}.Debug|Any CPU.Build.0 = Debug|Any CPU
		{2AD04AF5-4E67-4D4F-B25E-E71826294567}.Release|Any CPU.ActiveCfg = Release|Any CPU
		{2AD04AF5-4E67-4D4F-B25E-E71826294567}.Release|Any CPU.Build.0 = Release|Any CPU
	EndGlobalSection
	GlobalSection(SolutionProperties) = preSolution
		HideSolutionNode = FALSE
	EndGlobalSection
	GlobalSection(ExtensibilityGlobals) = postSolution
		SolutionGuid = {6242A7D3-EE9B-438A-99BA-7A123C067AB8}
	EndGlobalSection
EndGlobal
